
Microsoft Visual Studio Solution File, Format Version 12.00
# Visual Studio Version 17
VisualStudioVersion = 17.12.35527.113
MinimumVisualStudioVersion = 10.0.40219.1
Project("{FAE04EC0-301F-11D3-BF4B-00C04F79EFBC}") = "service", "service.csproj", "{FF23162B-4872-4D74-A515-4FA8EEBD24B9}"
EndProject
Project("{FAE04EC0-301F-11D3-BF4B-00C04F79EFBC}") = "application", "..\application\application.csproj", "{7D1C29F9-5A1D-4B2C-89C2-93275E082F07}"
EndProject
Project("{FAE04EC0-301F-11D3-BF4B-00C04F79EFBC}") = "infrastructure", "..\infrastructure\infrastructure.csproj", "{75646BA0-F5C3-4CDC-BF40-F94D2DEB4307}"
EndProject
Project("{2150E333-8FDC-42A3-9474-1A3956D46DE8}") = "build", "build", "{824888B8-04F6-41DE-A0C1-DC24219337D8}"
	ProjectSection(SolutionItems) = preProject
		..\..\build\docker-compose.yaml = ..\..\build\docker-compose.yaml
		..\..\build\dotnet.dockerfile = ..\..\build\dotnet.dockerfile
	EndProjectSection
EndProject
Project("{2150E333-8FDC-42A3-9474-1A3956D46DE8}") = "tests", "tests", "{FF90412B-6235-4512-941C-CDDBDAE570F6}"
EndProject
Project("{FAE04EC0-301F-11D3-BF4B-00C04F79EFBC}") = "integration.tests", "..\tests\integration.tests\integration.tests.csproj", "{B5A4F649-5862-43E0-BDA1-C7BC84B802FF}"
EndProject
Project("{FAE04EC0-301F-11D3-BF4B-00C04F79EFBC}") = "unit.tests", "..\tests\unit.tests\unit.tests.csproj", "{52CB6240-9EBF-4B6B-ADB4-07D70FE04B65}"
EndProject
Project("{2150E333-8FDC-42A3-9474-1A3956D46DE8}") = "proto", "proto", "{94E6CB3F-E188-4921-B1D9-A8B2CE955003}"
	ProjectSection(SolutionItems) = preProject
		..\..\proto\order_request.proto = ..\..\proto\order_request.proto
		..\..\proto\order_response.proto = ..\..\proto\order_response.proto
		..\..\proto\order_service.proto = ..\..\proto\order_service.proto
	EndProjectSection
EndProject
Global
	GlobalSection(SolutionConfigurationPlatforms) = preSolution
		Debug|Any CPU = Debug|Any CPU
		Release|Any CPU = Release|Any CPU
	EndGlobalSection
	GlobalSection(ProjectConfigurationPlatforms) = postSolution
		{FF23162B-4872-4D74-A515-4FA8EEBD24B9}.Debug|Any CPU.ActiveCfg = Debug|Any CPU
		{FF23162B-4872-4D74-A515-4FA8EEBD24B9}.Debug|Any CPU.Build.0 = Debug|Any CPU
		{FF23162B-4872-4D74-A515-4FA8EEBD24B9}.Release|Any CPU.ActiveCfg = Release|Any CPU
		{FF23162B-4872-4D74-A515-4FA8EEBD24B9}.Release|Any CPU.Build.0 = Release|Any CPU
		{7D1C29F9-5A1D-4B2C-89C2-93275E082F07}.Debug|Any CPU.ActiveCfg = Debug|Any CPU
		{7D1C29F9-5A1D-4B2C-89C2-93275E082F07}.Debug|Any CPU.Build.0 = Debug|Any CPU
		{7D1C29F9-5A1D-4B2C-89C2-93275E082F07}.Release|Any CPU.ActiveCfg = Release|Any CPU
		{7D1C29F9-5A1D-4B2C-89C2-93275E082F07}.Release|Any CPU.Build.0 = Release|Any CPU
		{75646BA0-F5C3-4CDC-BF40-F94D2DEB4307}.Debug|Any CPU.ActiveCfg = Debug|Any CPU
		{75646BA0-F5C3-4CDC-BF40-F94D2DEB4307}.Debug|Any CPU.Build.0 = Debug|Any CPU
		{75646BA0-F5C3-4CDC-BF40-F94D2DEB4307}.Release|Any CPU.ActiveCfg = Release|Any CPU
		{75646BA0-F5C3-4CDC-BF40-F94D2DEB4307}.Release|Any CPU.Build.0 = Release|Any CPU
		{B5A4F649-5862-43E0-BDA1-C7BC84B802FF}.Debug|Any CPU.ActiveCfg = Debug|Any CPU
		{B5A4F649-5862-43E0-BDA1-C7BC84B802FF}.Debug|Any CPU.Build.0 = Debug|Any CPU
		{B5A4F649-5862-43E0-BDA1-C7BC84B802FF}.Release|Any CPU.ActiveCfg = Release|Any CPU
		{B5A4F649-5862-43E0-BDA1-C7BC84B802FF}.Release|Any CPU.Build.0 = Release|Any CPU
		{52CB6240-9EBF-4B6B-ADB4-07D70FE04B65}.Debug|Any CPU.ActiveCfg = Debug|Any CPU
		{52CB6240-9EBF-4B6B-ADB4-07D70FE04B65}.Debug|Any CPU.Build.0 = Debug|Any CPU
		{52CB6240-9EBF-4B6B-ADB4-07D70FE04B65}.Release|Any CPU.ActiveCfg = Release|Any CPU
		{52CB6240-9EBF-4B6B-ADB4-07D70FE04B65}.Release|Any CPU.Build.0 = Release|Any CPU
	EndGlobalSection
	GlobalSection(SolutionProperties) = preSolution
		HideSolutionNode = FALSE
	EndGlobalSection
	GlobalSection(NestedProjects) = preSolution
		{B5A4F649-5862-43E0-BDA1-C7BC84B802FF} = {FF90412B-6235-4512-941C-CDDBDAE570F6}
		{52CB6240-9EBF-4B6B-ADB4-07D70FE04B65} = {FF90412B-6235-4512-941C-CDDBDAE570F6}
	EndGlobalSection
EndGlobal
